
Microsoft Visual Studio Solution File, Format Version 12.00
# Visual Studio Version 16
VisualStudioVersion = 16.0.31624.102
MinimumVisualStudioVersion = 10.0.40219.1
Project("{FAE04EC0-301F-11D3-BF4B-00C04F79EFBC}") = "OOP-LifeSimulation", "OOP-LifeSimulation\OOP-LifeSimulation.csproj", "{A9F0D70E-E846-4E29-8F06-92F4D9AD8003}"
EndProject
Global
	GlobalSection(SolutionConfigurationPlatforms) = preSolution
		Debug|Any CPU = Debug|Any CPU
		Release|Any CPU = Release|Any CPU
	EndGlobalSection
	GlobalSection(ProjectConfigurationPlatforms) = postSolution
		{A9F0D70E-E846-4E29-8F06-92F4D9AD8003}.Debug|Any CPU.ActiveCfg = Debug|Any CPU
		{A9F0D70E-E846-4E29-8F06-92F4D9AD8003}.Debug|Any CPU.Build.0 = Debug|Any CPU
		{A9F0D70E-E846-4E29-8F06-92F4D9AD8003}.Release|Any CPU.ActiveCfg = Release|Any CPU
		{A9F0D70E-E846-4E29-8F06-92F4D9AD8003}.Release|Any CPU.Build.0 = Release|Any CPU
	EndGlobalSection
	GlobalSection(SolutionProperties) = preSolution
		HideSolutionNode = FALSE
	EndGlobalSection
	GlobalSection(ExtensibilityGlobals) = postSolution
		SolutionGuid = {DC41D38E-8736-44FE-8FB0-5C39AFC91FED}
	EndGlobalSection
EndGlobal
